// !$*UTF8*$!
{
	archiveVersion = 1;
	classes = {
	};
	objectVersion = 46;
	objects = {

/* Begin PBXBuildFile section */
		5119FE731632035300CFCD33 /* ShareCategoriesViewController__iPad.xib in Resources */ = {isa = PBXBuildFile; fileRef = 5119FE701632035300CFCD33 /* ShareCategoriesViewController__iPad.xib */; };
		5119FE741632035300CFCD33 /* ShareListsViewController_iPad.xib in Resources */ = {isa = PBXBuildFile; fileRef = 5119FE711632035300CFCD33 /* ShareListsViewController_iPad.xib */; };
		5119FE751632035300CFCD33 /* SharePicturesViewController_iPad.xib in Resources */ = {isa = PBXBuildFile; fileRef = 5119FE721632035300CFCD33 /* SharePicturesViewController_iPad.xib */; };
		5119FE7A1632036D00CFCD33 /* ShareCategoriesViewController__iPhone.xib in Resources */ = {isa = PBXBuildFile; fileRef = 5119FE771632036D00CFCD33 /* ShareCategoriesViewController__iPhone.xib */; };
		5119FE7B1632036D00CFCD33 /* ShareListsViewController_iPhone.xib in Resources */ = {isa = PBXBuildFile; fileRef = 5119FE781632036D00CFCD33 /* ShareListsViewController_iPhone.xib */; };
		5119FE7C1632036D00CFCD33 /* SharePicturesViewController_iPhone.xib in Resources */ = {isa = PBXBuildFile; fileRef = 5119FE791632036D00CFCD33 /* SharePicturesViewController_iPhone.xib */; };
		5119FE811632039200CFCD33 /* ShareListsViewController.m in Sources */ = {isa = PBXBuildFile; fileRef = 5119FE7E1632039200CFCD33 /* ShareListsViewController.m */; };
		5119FE821632039200CFCD33 /* ShareCategoriesViewController.m in Sources */ = {isa = PBXBuildFile; fileRef = 5119FE7F1632039200CFCD33 /* ShareCategoriesViewController.m */; };
		5119FE831632039200CFCD33 /* SharePicturesViewController.m in Sources */ = {isa = PBXBuildFile; fileRef = 5119FE801632039200CFCD33 /* SharePicturesViewController.m */; };
		5119FE8B1632046F00CFCD33 /* CreatePictureViewController.m in Sources */ = {isa = PBXBuildFile; fileRef = 5119FE891632046F00CFCD33 /* CreatePictureViewController.m */; };
		5119FE8C1632046F00CFCD33 /* EditPictureViewController.m in Sources */ = {isa = PBXBuildFile; fileRef = 5119FE8A1632046F00CFCD33 /* EditPictureViewController.m */; };
		5119FE8F1632048B00CFCD33 /* CreatePictureViewController_iPad.xib in Resources */ = {isa = PBXBuildFile; fileRef = 5119FE8D1632048B00CFCD33 /* CreatePictureViewController_iPad.xib */; };
		5119FE901632048B00CFCD33 /* EditPictureViewController_iPad.xib in Resources */ = {isa = PBXBuildFile; fileRef = 5119FE8E1632048B00CFCD33 /* EditPictureViewController_iPad.xib */; };
		5119FE931632049B00CFCD33 /* CreatePictureViewController_iPhone.xib in Resources */ = {isa = PBXBuildFile; fileRef = 5119FE911632049B00CFCD33 /* CreatePictureViewController_iPhone.xib */; };
		5119FE941632049B00CFCD33 /* EditPictureViewController_iPhone.xib in Resources */ = {isa = PBXBuildFile; fileRef = 5119FE921632049B00CFCD33 /* EditPictureViewController_iPhone.xib */; };
		51E2AD581630C6BF007DA5C4 /* ShareViewController_iPad.xib in Resources */ = {isa = PBXBuildFile; fileRef = 51E2AD541630C6BF007DA5C4 /* ShareViewController_iPad.xib */; };
		51E2AD591630C6BF007DA5C4 /* ShareViewController_iPhone.xib in Resources */ = {isa = PBXBuildFile; fileRef = 51E2AD551630C6BF007DA5C4 /* ShareViewController_iPhone.xib */; };
		51E2AD5A1630C6BF007DA5C4 /* ShareViewController.m in Sources */ = {isa = PBXBuildFile; fileRef = 51E2AD571630C6BF007DA5C4 /* ShareViewController.m */; };
		51E2AD5F1630C6CE007DA5C4 /* PictureViewController_iPad.xib in Resources */ = {isa = PBXBuildFile; fileRef = 51E2AD5B1630C6CE007DA5C4 /* PictureViewController_iPad.xib */; };
		51E2AD601630C6CE007DA5C4 /* PictureViewController_iPhone.xib in Resources */ = {isa = PBXBuildFile; fileRef = 51E2AD5C1630C6CE007DA5C4 /* PictureViewController_iPhone.xib */; };
		51E2AD611630C6CE007DA5C4 /* PictureViewController.m in Sources */ = {isa = PBXBuildFile; fileRef = 51E2AD5E1630C6CE007DA5C4 /* PictureViewController.m */; };
		51E2AD661630C6E3007DA5C4 /* CategoryViewController_iPad.xib in Resources */ = {isa = PBXBuildFile; fileRef = 51E2AD621630C6E3007DA5C4 /* CategoryViewController_iPad.xib */; };
		51E2AD671630C6E3007DA5C4 /* CategoryViewController_iPhone.xib in Resources */ = {isa = PBXBuildFile; fileRef = 51E2AD631630C6E3007DA5C4 /* CategoryViewController_iPhone.xib */; };
		51E2AD681630C6E3007DA5C4 /* CategoryViewController.m in Sources */ = {isa = PBXBuildFile; fileRef = 51E2AD651630C6E3007DA5C4 /* CategoryViewController.m */; };
		51E2AD711630CAED007DA5C4 /* ListViewViewController.m in Sources */ = {isa = PBXBuildFile; fileRef = 51E2AD6F1630CAED007DA5C4 /* ListViewViewController.m */; };
		51E2AD721630CAED007DA5C4 /* ListViewViewController_iPhone.xib in Resources */ = {isa = PBXBuildFile; fileRef = 51E2AD701630CAED007DA5C4 /* ListViewViewController_iPhone.xib */; };
		51E2AD741630CB16007DA5C4 /* ListViewViewController_iPad.xib in Resources */ = {isa = PBXBuildFile; fileRef = 51E2AD731630CB16007DA5C4 /* ListViewViewController_iPad.xib */; };
		51E2AD781630CCC1007DA5C4 /* ListEditViewController.m in Sources */ = {isa = PBXBuildFile; fileRef = 51E2AD761630CCC1007DA5C4 /* ListEditViewController.m */; };
		51E2AD791630CCC1007DA5C4 /* ListEditViewController_iPhone.xib in Resources */ = {isa = PBXBuildFile; fileRef = 51E2AD771630CCC1007DA5C4 /* ListEditViewController_iPhone.xib */; };
		51E2AD7D1630CCD7007DA5C4 /* ListCreateViewController.m in Sources */ = {isa = PBXBuildFile; fileRef = 51E2AD7B1630CCD7007DA5C4 /* ListCreateViewController.m */; };
		51E2AD7E1630CCD7007DA5C4 /* ListCreateViewController_iPhone.xib in Resources */ = {isa = PBXBuildFile; fileRef = 51E2AD7C1630CCD7007DA5C4 /* ListCreateViewController_iPhone.xib */; };
		51E2AD821630CCFA007DA5C4 /* CategoryViewViewController.m in Sources */ = {isa = PBXBuildFile; fileRef = 51E2AD801630CCF9007DA5C4 /* CategoryViewViewController.m */; };
		51E2AD831630CCFA007DA5C4 /* CategoryViewViewController_iPhone.xib in Resources */ = {isa = PBXBuildFile; fileRef = 51E2AD811630CCF9007DA5C4 /* CategoryViewViewController_iPhone.xib */; };
		51E2AD871630CD12007DA5C4 /* CategoryAddViewController.m in Sources */ = {isa = PBXBuildFile; fileRef = 51E2AD851630CD12007DA5C4 /* CategoryAddViewController.m */; };
		51E2AD881630CD12007DA5C4 /* CategoryAddViewController_iPhone.xib in Resources */ = {isa = PBXBuildFile; fileRef = 51E2AD861630CD12007DA5C4 /* CategoryAddViewController_iPhone.xib */; };
		51E2AD8C1630CD22007DA5C4 /* CategoryEditViewController.m in Sources */ = {isa = PBXBuildFile; fileRef = 51E2AD8A1630CD22007DA5C4 /* CategoryEditViewController.m */; };
		51E2AD8D1630CD22007DA5C4 /* CategoryEditViewController_iPhone.xib in Resources */ = {isa = PBXBuildFile; fileRef = 51E2AD8B1630CD22007DA5C4 /* CategoryEditViewController_iPhone.xib */; };
		51E2AD8F1630CE72007DA5C4 /* ListEditViewController_iPad.xib in Resources */ = {isa = PBXBuildFile; fileRef = 51E2AD8E1630CE72007DA5C4 /* ListEditViewController_iPad.xib */; };
		51E2AD911630CEB0007DA5C4 /* ListCreateViewController_iPad.xib in Resources */ = {isa = PBXBuildFile; fileRef = 51E2AD901630CEB0007DA5C4 /* ListCreateViewController_iPad.xib */; };
		51E2AD931630CECA007DA5C4 /* CategoryEditViewController_iPad.xib in Resources */ = {isa = PBXBuildFile; fileRef = 51E2AD921630CECA007DA5C4 /* CategoryEditViewController_iPad.xib */; };
		51E2AD951630CEE9007DA5C4 /* CategoryAddViewController_iPad.xib in Resources */ = {isa = PBXBuildFile; fileRef = 51E2AD941630CEE9007DA5C4 /* CategoryAddViewController_iPad.xib */; };
		51E2AD971630CF05007DA5C4 /* CategoryViewViewController_iPad.xib in Resources */ = {isa = PBXBuildFile; fileRef = 51E2AD961630CF05007DA5C4 /* CategoryViewViewController_iPad.xib */; };
		76BA2AFB1630977D00DAE149 /* UIKit.framework in Frameworks */ = {isa = PBXBuildFile; fileRef = 76BA2AFA1630977D00DAE149 /* UIKit.framework */; };
		76BA2AFD1630977D00DAE149 /* Foundation.framework in Frameworks */ = {isa = PBXBuildFile; fileRef = 76BA2AFC1630977D00DAE149 /* Foundation.framework */; };
		76BA2AFF1630977D00DAE149 /* CoreGraphics.framework in Frameworks */ = {isa = PBXBuildFile; fileRef = 76BA2AFE1630977D00DAE149 /* CoreGraphics.framework */; };
		76BA2B051630977D00DAE149 /* InfoPlist.strings in Resources */ = {isa = PBXBuildFile; fileRef = 76BA2B031630977D00DAE149 /* InfoPlist.strings */; };
		76BA2B071630977D00DAE149 /* main.m in Sources */ = {isa = PBXBuildFile; fileRef = 76BA2B061630977D00DAE149 /* main.m */; };
		76BA2B0B1630977D00DAE149 /* AppDelegate.m in Sources */ = {isa = PBXBuildFile; fileRef = 76BA2B0A1630977D00DAE149 /* AppDelegate.m */; };
		76BA2B0E1630977D00DAE149 /* FirstViewController.m in Sources */ = {isa = PBXBuildFile; fileRef = 76BA2B0D1630977D00DAE149 /* FirstViewController.m */; };
		76BA2B101630977D00DAE149 /* first.png in Resources */ = {isa = PBXBuildFile; fileRef = 76BA2B0F1630977D00DAE149 /* first.png */; };
		76BA2B121630977D00DAE149 /* first@2x.png in Resources */ = {isa = PBXBuildFile; fileRef = 76BA2B111630977D00DAE149 /* first@2x.png */; };
		76BA2B151630977D00DAE149 /* SecondViewController.m in Sources */ = {isa = PBXBuildFile; fileRef = 76BA2B141630977D00DAE149 /* SecondViewController.m */; };
		76BA2B171630977D00DAE149 /* second.png in Resources */ = {isa = PBXBuildFile; fileRef = 76BA2B161630977D00DAE149 /* second.png */; };
		76BA2B191630977D00DAE149 /* second@2x.png in Resources */ = {isa = PBXBuildFile; fileRef = 76BA2B181630977D00DAE149 /* second@2x.png */; };
		76BA2B1C1630977D00DAE149 /* FirstViewController_iPhone.xib in Resources */ = {isa = PBXBuildFile; fileRef = 76BA2B1A1630977D00DAE149 /* FirstViewController_iPhone.xib */; };
		76BA2B1F1630977D00DAE149 /* FirstViewController_iPad.xib in Resources */ = {isa = PBXBuildFile; fileRef = 76BA2B1D1630977D00DAE149 /* FirstViewController_iPad.xib */; };
		76BA2B221630977D00DAE149 /* SecondViewController_iPhone.xib in Resources */ = {isa = PBXBuildFile; fileRef = 76BA2B201630977D00DAE149 /* SecondViewController_iPhone.xib */; };
		76BA2B251630977D00DAE149 /* SecondViewController_iPad.xib in Resources */ = {isa = PBXBuildFile; fileRef = 76BA2B231630977D00DAE149 /* SecondViewController_iPad.xib */; };
		76BA2B2D1630977D00DAE149 /* SenTestingKit.framework in Frameworks */ = {isa = PBXBuildFile; fileRef = 76BA2B2C1630977D00DAE149 /* SenTestingKit.framework */; };
		76BA2B2E1630977D00DAE149 /* UIKit.framework in Frameworks */ = {isa = PBXBuildFile; fileRef = 76BA2AFA1630977D00DAE149 /* UIKit.framework */; };
		76BA2B2F1630977D00DAE149 /* Foundation.framework in Frameworks */ = {isa = PBXBuildFile; fileRef = 76BA2AFC1630977D00DAE149 /* Foundation.framework */; };
		76BA2B371630977D00DAE149 /* InfoPlist.strings in Resources */ = {isa = PBXBuildFile; fileRef = 76BA2B351630977D00DAE149 /* InfoPlist.strings */; };
		76BA2B3A1630977D00DAE149 /* Pic_PTests.m in Sources */ = {isa = PBXBuildFile; fileRef = 76BA2B391630977D00DAE149 /* Pic_PTests.m */; };
/* End PBXBuildFile section */

/* Begin PBXContainerItemProxy section */
		76BA2B301630977D00DAE149 /* PBXContainerItemProxy */ = {
			isa = PBXContainerItemProxy;
			containerPortal = 76BA2AED1630977D00DAE149 /* Project object */;
			proxyType = 1;
			remoteGlobalIDString = 76BA2AF51630977D00DAE149;
			remoteInfo = "Pic P";
		};
/* End PBXContainerItemProxy section */

/* Begin PBXFileReference section */
		5119FE701632035300CFCD33 /* ShareCategoriesViewController__iPad.xib */ = {isa = PBXFileReference; fileEncoding = 4; lastKnownFileType = file.xib; path = ShareCategoriesViewController__iPad.xib; sourceTree = "<group>"; };
		5119FE711632035300CFCD33 /* ShareListsViewController_iPad.xib */ = {isa = PBXFileReference; fileEncoding = 4; lastKnownFileType = file.xib; path = ShareListsViewController_iPad.xib; sourceTree = "<group>"; };
		5119FE721632035300CFCD33 /* SharePicturesViewController_iPad.xib */ = {isa = PBXFileReference; fileEncoding = 4; lastKnownFileType = file.xib; path = SharePicturesViewController_iPad.xib; sourceTree = "<group>"; };
		5119FE771632036D00CFCD33 /* ShareCategoriesViewController__iPhone.xib */ = {isa = PBXFileReference; fileEncoding = 4; lastKnownFileType = file.xib; path = ShareCategoriesViewController__iPhone.xib; sourceTree = "<group>"; };
		5119FE781632036D00CFCD33 /* ShareListsViewController_iPhone.xib */ = {isa = PBXFileReference; fileEncoding = 4; lastKnownFileType = file.xib; path = ShareListsViewController_iPhone.xib; sourceTree = "<group>"; };
		5119FE791632036D00CFCD33 /* SharePicturesViewController_iPhone.xib */ = {isa = PBXFileReference; fileEncoding = 4; lastKnownFileType = file.xib; path = SharePicturesViewController_iPhone.xib; sourceTree = "<group>"; };
		5119FE7E1632039200CFCD33 /* ShareListsViewController.m */ = {isa = PBXFileReference; fileEncoding = 4; lastKnownFileType = sourcecode.c.objc; path = ShareListsViewController.m; sourceTree = "<group>"; };
		5119FE7F1632039200CFCD33 /* ShareCategoriesViewController.m */ = {isa = PBXFileReference; fileEncoding = 4; lastKnownFileType = sourcecode.c.objc; path = ShareCategoriesViewController.m; sourceTree = "<group>"; };
		5119FE801632039200CFCD33 /* SharePicturesViewController.m */ = {isa = PBXFileReference; fileEncoding = 4; lastKnownFileType = sourcecode.c.objc; path = SharePicturesViewController.m; sourceTree = "<group>"; };
		5119FE84163203BA00CFCD33 /* ShareCategoriesViewController.h */ = {isa = PBXFileReference; fileEncoding = 4; lastKnownFileType = sourcecode.c.h; path = ShareCategoriesViewController.h; sourceTree = "<group>"; };
		5119FE85163203BA00CFCD33 /* SharePicturesViewController.h */ = {isa = PBXFileReference; fileEncoding = 4; lastKnownFileType = sourcecode.c.h; path = SharePicturesViewController.h; sourceTree = "<group>"; };
		5119FE86163203BA00CFCD33 /* ShareListsViewController.h */ = {isa = PBXFileReference; fileEncoding = 4; lastKnownFileType = sourcecode.c.h; path = ShareListsViewController.h; sourceTree = "<group>"; };
		5119FE871632046500CFCD33 /* EditPictureViewController.h */ = {isa = PBXFileReference; fileEncoding = 4; lastKnownFileType = sourcecode.c.h; path = EditPictureViewController.h; sourceTree = "<group>"; };
		5119FE881632046500CFCD33 /* CreatePictureViewController.h */ = {isa = PBXFileReference; fileEncoding = 4; lastKnownFileType = sourcecode.c.h; path = CreatePictureViewController.h; sourceTree = "<group>"; };
		5119FE891632046F00CFCD33 /* CreatePictureViewController.m */ = {isa = PBXFileReference; fileEncoding = 4; lastKnownFileType = sourcecode.c.objc; path = CreatePictureViewController.m; sourceTree = "<group>"; };
		5119FE8A1632046F00CFCD33 /* EditPictureViewController.m */ = {isa = PBXFileReference; fileEncoding = 4; lastKnownFileType = sourcecode.c.objc; path = EditPictureViewController.m; sourceTree = "<group>"; };
		5119FE8D1632048B00CFCD33 /* CreatePictureViewController_iPad.xib */ = {isa = PBXFileReference; fileEncoding = 4; lastKnownFileType = file.xib; path = CreatePictureViewController_iPad.xib; sourceTree = "<group>"; };
		5119FE8E1632048B00CFCD33 /* EditPictureViewController_iPad.xib */ = {isa = PBXFileReference; fileEncoding = 4; lastKnownFileType = file.xib; path = EditPictureViewController_iPad.xib; sourceTree = "<group>"; };
		5119FE911632049B00CFCD33 /* CreatePictureViewController_iPhone.xib */ = {isa = PBXFileReference; fileEncoding = 4; lastKnownFileType = file.xib; path = CreatePictureViewController_iPhone.xib; sourceTree = "<group>"; };
		5119FE921632049B00CFCD33 /* EditPictureViewController_iPhone.xib */ = {isa = PBXFileReference; fileEncoding = 4; lastKnownFileType = file.xib; path = EditPictureViewController_iPhone.xib; sourceTree = "<group>"; };
		51E2AD541630C6BF007DA5C4 /* ShareViewController_iPad.xib */ = {isa = PBXFileReference; fileEncoding = 4; lastKnownFileType = file.xib; path = ShareViewController_iPad.xib; sourceTree = "<group>"; };
		51E2AD551630C6BF007DA5C4 /* ShareViewController_iPhone.xib */ = {isa = PBXFileReference; fileEncoding = 4; lastKnownFileType = file.xib; path = ShareViewController_iPhone.xib; sourceTree = "<group>"; };
		51E2AD561630C6BF007DA5C4 /* ShareViewController.h */ = {isa = PBXFileReference; fileEncoding = 4; lastKnownFileType = sourcecode.c.h; path = ShareViewController.h; sourceTree = "<group>"; };
		51E2AD571630C6BF007DA5C4 /* ShareViewController.m */ = {isa = PBXFileReference; fileEncoding = 4; lastKnownFileType = sourcecode.c.objc; path = ShareViewController.m; sourceTree = "<group>"; };
		51E2AD5B1630C6CE007DA5C4 /* PictureViewController_iPad.xib */ = {isa = PBXFileReference; fileEncoding = 4; lastKnownFileType = file.xib; path = PictureViewController_iPad.xib; sourceTree = "<group>"; };
		51E2AD5C1630C6CE007DA5C4 /* PictureViewController_iPhone.xib */ = {isa = PBXFileReference; fileEncoding = 4; lastKnownFileType = file.xib; path = PictureViewController_iPhone.xib; sourceTree = "<group>"; };
		51E2AD5D1630C6CE007DA5C4 /* PictureViewController.h */ = {isa = PBXFileReference; fileEncoding = 4; lastKnownFileType = sourcecode.c.h; path = PictureViewController.h; sourceTree = "<group>"; };
		51E2AD5E1630C6CE007DA5C4 /* PictureViewController.m */ = {isa = PBXFileReference; fileEncoding = 4; lastKnownFileType = sourcecode.c.objc; path = PictureViewController.m; sourceTree = "<group>"; };
		51E2AD621630C6E3007DA5C4 /* CategoryViewController_iPad.xib */ = {isa = PBXFileReference; fileEncoding = 4; lastKnownFileType = file.xib; path = CategoryViewController_iPad.xib; sourceTree = "<group>"; };
		51E2AD631630C6E3007DA5C4 /* CategoryViewController_iPhone.xib */ = {isa = PBXFileReference; fileEncoding = 4; lastKnownFileType = file.xib; path = CategoryViewController_iPhone.xib; sourceTree = "<group>"; };
		51E2AD641630C6E3007DA5C4 /* CategoryViewController.h */ = {isa = PBXFileReference; fileEncoding = 4; lastKnownFileType = sourcecode.c.h; path = CategoryViewController.h; sourceTree = "<group>"; };
		51E2AD651630C6E3007DA5C4 /* CategoryViewController.m */ = {isa = PBXFileReference; fileEncoding = 4; lastKnownFileType = sourcecode.c.objc; path = CategoryViewController.m; sourceTree = "<group>"; };
		51E2AD6E1630CAED007DA5C4 /* ListViewViewController.h */ = {isa = PBXFileReference; fileEncoding = 4; lastKnownFileType = sourcecode.c.h; name = ListViewViewController.h; path = "Pic P/ListViewViewController.h"; sourceTree = SOURCE_ROOT; };
		51E2AD6F1630CAED007DA5C4 /* ListViewViewController.m */ = {isa = PBXFileReference; fileEncoding = 4; lastKnownFileType = sourcecode.c.objc; name = ListViewViewController.m; path = "Pic P/ListViewViewController.m"; sourceTree = SOURCE_ROOT; };
		51E2AD701630CAED007DA5C4 /* ListViewViewController_iPhone.xib */ = {isa = PBXFileReference; fileEncoding = 4; lastKnownFileType = file.xib; name = ListViewViewController_iPhone.xib; path = "Pic P/ListViewViewController_iPhone.xib"; sourceTree = SOURCE_ROOT; };
		51E2AD731630CB16007DA5C4 /* ListViewViewController_iPad.xib */ = {isa = PBXFileReference; fileEncoding = 4; lastKnownFileType = file.xib; path = ListViewViewController_iPad.xib; sourceTree = "<group>"; };
		51E2AD751630CCC1007DA5C4 /* ListEditViewController.h */ = {isa = PBXFileReference; fileEncoding = 4; lastKnownFileType = sourcecode.c.h; path = ListEditViewController.h; sourceTree = "<group>"; };
		51E2AD761630CCC1007DA5C4 /* ListEditViewController.m */ = {isa = PBXFileReference; fileEncoding = 4; lastKnownFileType = sourcecode.c.objc; path = ListEditViewController.m; sourceTree = "<group>"; };
		51E2AD771630CCC1007DA5C4 /* ListEditViewController_iPhone.xib */ = {isa = PBXFileReference; fileEncoding = 4; lastKnownFileType = file.xib; path = ListEditViewController_iPhone.xib; sourceTree = "<group>"; };
		51E2AD7A1630CCD7007DA5C4 /* ListCreateViewController.h */ = {isa = PBXFileReference; fileEncoding = 4; lastKnownFileType = sourcecode.c.h; path = ListCreateViewController.h; sourceTree = "<group>"; };
		51E2AD7B1630CCD7007DA5C4 /* ListCreateViewController.m */ = {isa = PBXFileReference; fileEncoding = 4; lastKnownFileType = sourcecode.c.objc; path = ListCreateViewController.m; sourceTree = "<group>"; };
		51E2AD7C1630CCD7007DA5C4 /* ListCreateViewController_iPhone.xib */ = {isa = PBXFileReference; fileEncoding = 4; lastKnownFileType = file.xib; path = ListCreateViewController_iPhone.xib; sourceTree = "<group>"; };
		51E2AD7F1630CCF9007DA5C4 /* CategoryViewViewController.h */ = {isa = PBXFileReference; fileEncoding = 4; lastKnownFileType = sourcecode.c.h; path = CategoryViewViewController.h; sourceTree = "<group>"; };
		51E2AD801630CCF9007DA5C4 /* CategoryViewViewController.m */ = {isa = PBXFileReference; fileEncoding = 4; lastKnownFileType = sourcecode.c.objc; path = CategoryViewViewController.m; sourceTree = "<group>"; };
		51E2AD811630CCF9007DA5C4 /* CategoryViewViewController_iPhone.xib */ = {isa = PBXFileReference; fileEncoding = 4; lastKnownFileType = file.xib; path = CategoryViewViewController_iPhone.xib; sourceTree = "<group>"; };
		51E2AD841630CD12007DA5C4 /* CategoryAddViewController.h */ = {isa = PBXFileReference; fileEncoding = 4; lastKnownFileType = sourcecode.c.h; path = CategoryAddViewController.h; sourceTree = "<group>"; };
		51E2AD851630CD12007DA5C4 /* CategoryAddViewController.m */ = {isa = PBXFileReference; fileEncoding = 4; lastKnownFileType = sourcecode.c.objc; path = CategoryAddViewController.m; sourceTree = "<group>"; };
		51E2AD861630CD12007DA5C4 /* CategoryAddViewController_iPhone.xib */ = {isa = PBXFileReference; fileEncoding = 4; lastKnownFileType = file.xib; path = CategoryAddViewController_iPhone.xib; sourceTree = "<group>"; };
		51E2AD891630CD22007DA5C4 /* CategoryEditViewController.h */ = {isa = PBXFileReference; fileEncoding = 4; lastKnownFileType = sourcecode.c.h; path = CategoryEditViewController.h; sourceTree = "<group>"; };
		51E2AD8A1630CD22007DA5C4 /* CategoryEditViewController.m */ = {isa = PBXFileReference; fileEncoding = 4; lastKnownFileType = sourcecode.c.objc; path = CategoryEditViewController.m; sourceTree = "<group>"; };
		51E2AD8B1630CD22007DA5C4 /* CategoryEditViewController_iPhone.xib */ = {isa = PBXFileReference; fileEncoding = 4; lastKnownFileType = file.xib; path = CategoryEditViewController_iPhone.xib; sourceTree = "<group>"; };
		51E2AD8E1630CE72007DA5C4 /* ListEditViewController_iPad.xib */ = {isa = PBXFileReference; fileEncoding = 4; lastKnownFileType = file.xib; path = ListEditViewController_iPad.xib; sourceTree = "<group>"; };
		51E2AD901630CEB0007DA5C4 /* ListCreateViewController_iPad.xib */ = {isa = PBXFileReference; fileEncoding = 4; lastKnownFileType = file.xib; path = ListCreateViewController_iPad.xib; sourceTree = "<group>"; };
		51E2AD921630CECA007DA5C4 /* CategoryEditViewController_iPad.xib */ = {isa = PBXFileReference; fileEncoding = 4; lastKnownFileType = file.xib; path = CategoryEditViewController_iPad.xib; sourceTree = "<group>"; };
		51E2AD941630CEE9007DA5C4 /* CategoryAddViewController_iPad.xib */ = {isa = PBXFileReference; fileEncoding = 4; lastKnownFileType = file.xib; path = CategoryAddViewController_iPad.xib; sourceTree = "<group>"; };
		51E2AD961630CF05007DA5C4 /* CategoryViewViewController_iPad.xib */ = {isa = PBXFileReference; fileEncoding = 4; lastKnownFileType = file.xib; path = CategoryViewViewController_iPad.xib; sourceTree = "<group>"; };
		76BA2AF61630977D00DAE149 /* Pic P.app */ = {isa = PBXFileReference; explicitFileType = wrapper.application; includeInIndex = 0; path = "Pic P.app"; sourceTree = BUILT_PRODUCTS_DIR; };
		76BA2AFA1630977D00DAE149 /* UIKit.framework */ = {isa = PBXFileReference; lastKnownFileType = wrapper.framework; name = UIKit.framework; path = System/Library/Frameworks/UIKit.framework; sourceTree = SDKROOT; };
		76BA2AFC1630977D00DAE149 /* Foundation.framework */ = {isa = PBXFileReference; lastKnownFileType = wrapper.framework; name = Foundation.framework; path = System/Library/Frameworks/Foundation.framework; sourceTree = SDKROOT; };
		76BA2AFE1630977D00DAE149 /* CoreGraphics.framework */ = {isa = PBXFileReference; lastKnownFileType = wrapper.framework; name = CoreGraphics.framework; path = System/Library/Frameworks/CoreGraphics.framework; sourceTree = SDKROOT; };
		76BA2B021630977D00DAE149 /* Pic P-Info.plist */ = {isa = PBXFileReference; lastKnownFileType = text.plist.xml; path = "Pic P-Info.plist"; sourceTree = "<group>"; };
		76BA2B041630977D00DAE149 /* en */ = {isa = PBXFileReference; lastKnownFileType = text.plist.strings; name = en; path = en.lproj/InfoPlist.strings; sourceTree = "<group>"; };
		76BA2B061630977D00DAE149 /* main.m */ = {isa = PBXFileReference; lastKnownFileType = sourcecode.c.objc; path = main.m; sourceTree = "<group>"; };
		76BA2B081630977D00DAE149 /* Pic P-Prefix.pch */ = {isa = PBXFileReference; lastKnownFileType = sourcecode.c.h; path = "Pic P-Prefix.pch"; sourceTree = "<group>"; };
		76BA2B091630977D00DAE149 /* AppDelegate.h */ = {isa = PBXFileReference; lastKnownFileType = sourcecode.c.h; path = AppDelegate.h; sourceTree = "<group>"; };
		76BA2B0A1630977D00DAE149 /* AppDelegate.m */ = {isa = PBXFileReference; lastKnownFileType = sourcecode.c.objc; path = AppDelegate.m; sourceTree = "<group>"; };
		76BA2B0C1630977D00DAE149 /* FirstViewController.h */ = {isa = PBXFileReference; lastKnownFileType = sourcecode.c.h; path = FirstViewController.h; sourceTree = "<group>"; };
		76BA2B0D1630977D00DAE149 /* FirstViewController.m */ = {isa = PBXFileReference; lastKnownFileType = sourcecode.c.objc; path = FirstViewController.m; sourceTree = "<group>"; };
		76BA2B0F1630977D00DAE149 /* first.png */ = {isa = PBXFileReference; lastKnownFileType = image.png; path = first.png; sourceTree = "<group>"; };
		76BA2B111630977D00DAE149 /* first@2x.png */ = {isa = PBXFileReference; lastKnownFileType = image.png; path = "first@2x.png"; sourceTree = "<group>"; };
		76BA2B131630977D00DAE149 /* SecondViewController.h */ = {isa = PBXFileReference; lastKnownFileType = sourcecode.c.h; path = SecondViewController.h; sourceTree = "<group>"; };
		76BA2B141630977D00DAE149 /* SecondViewController.m */ = {isa = PBXFileReference; lastKnownFileType = sourcecode.c.objc; path = SecondViewController.m; sourceTree = "<group>"; };
		76BA2B161630977D00DAE149 /* second.png */ = {isa = PBXFileReference; lastKnownFileType = image.png; path = second.png; sourceTree = "<group>"; };
		76BA2B181630977D00DAE149 /* second@2x.png */ = {isa = PBXFileReference; lastKnownFileType = image.png; path = "second@2x.png"; sourceTree = "<group>"; };
		76BA2B1B1630977D00DAE149 /* en */ = {isa = PBXFileReference; lastKnownFileType = file.xib; name = en; path = en.lproj/FirstViewController_iPhone.xib; sourceTree = "<group>"; };
		76BA2B1E1630977D00DAE149 /* en */ = {isa = PBXFileReference; lastKnownFileType = file.xib; name = en; path = en.lproj/FirstViewController_iPad.xib; sourceTree = "<group>"; };
		76BA2B211630977D00DAE149 /* en */ = {isa = PBXFileReference; lastKnownFileType = file.xib; name = en; path = en.lproj/SecondViewController_iPhone.xib; sourceTree = "<group>"; };
		76BA2B241630977D00DAE149 /* en */ = {isa = PBXFileReference; lastKnownFileType = file.xib; name = en; path = en.lproj/SecondViewController_iPad.xib; sourceTree = "<group>"; };
		76BA2B2B1630977D00DAE149 /* Pic PTests.octest */ = {isa = PBXFileReference; explicitFileType = wrapper.cfbundle; includeInIndex = 0; path = "Pic PTests.octest"; sourceTree = BUILT_PRODUCTS_DIR; };
		76BA2B2C1630977D00DAE149 /* SenTestingKit.framework */ = {isa = PBXFileReference; lastKnownFileType = wrapper.framework; name = SenTestingKit.framework; path = Library/Frameworks/SenTestingKit.framework; sourceTree = DEVELOPER_DIR; };
		76BA2B341630977D00DAE149 /* Pic PTests-Info.plist */ = {isa = PBXFileReference; lastKnownFileType = text.plist.xml; path = "Pic PTests-Info.plist"; sourceTree = "<group>"; };
		76BA2B361630977D00DAE149 /* en */ = {isa = PBXFileReference; lastKnownFileType = text.plist.strings; name = en; path = en.lproj/InfoPlist.strings; sourceTree = "<group>"; };
		76BA2B381630977D00DAE149 /* Pic_PTests.h */ = {isa = PBXFileReference; lastKnownFileType = sourcecode.c.h; path = Pic_PTests.h; sourceTree = "<group>"; };
		76BA2B391630977D00DAE149 /* Pic_PTests.m */ = {isa = PBXFileReference; lastKnownFileType = sourcecode.c.objc; path = Pic_PTests.m; sourceTree = "<group>"; };
/* End PBXFileReference section */

/* Begin PBXFrameworksBuildPhase section */
		76BA2AF31630977D00DAE149 /* Frameworks */ = {
			isa = PBXFrameworksBuildPhase;
			buildActionMask = 2147483647;
			files = (
				76BA2AFB1630977D00DAE149 /* UIKit.framework in Frameworks */,
				76BA2AFD1630977D00DAE149 /* Foundation.framework in Frameworks */,
				76BA2AFF1630977D00DAE149 /* CoreGraphics.framework in Frameworks */,
			);
			runOnlyForDeploymentPostprocessing = 0;
		};
		76BA2B271630977D00DAE149 /* Frameworks */ = {
			isa = PBXFrameworksBuildPhase;
			buildActionMask = 2147483647;
			files = (
				76BA2B2D1630977D00DAE149 /* SenTestingKit.framework in Frameworks */,
				76BA2B2E1630977D00DAE149 /* UIKit.framework in Frameworks */,
				76BA2B2F1630977D00DAE149 /* Foundation.framework in Frameworks */,
			);
			runOnlyForDeploymentPostprocessing = 0;
		};
/* End PBXFrameworksBuildPhase section */

/* Begin PBXGroup section */
		5119FE95163204B600CFCD33 /* List */ = {
			isa = PBXGroup;
			children = (
				76BA2B141630977D00DAE149 /* SecondViewController.m */,
				51E2AD6F1630CAED007DA5C4 /* ListViewViewController.m */,
				51E2AD761630CCC1007DA5C4 /* ListEditViewController.m */,
				51E2AD7B1630CCD7007DA5C4 /* ListCreateViewController.m */,
			);
			name = List;
			sourceTree = "<group>";
		};
		5119FE96163204C300CFCD33 /* Category */ = {
			isa = PBXGroup;
			children = (
				51E2AD651630C6E3007DA5C4 /* CategoryViewController.m */,
				51E2AD801630CCF9007DA5C4 /* CategoryViewViewController.m */,
				51E2AD8A1630CD22007DA5C4 /* CategoryEditViewController.m */,
				51E2AD851630CD12007DA5C4 /* CategoryAddViewController.m */,
			);
			name = Category;
			sourceTree = "<group>";
		};
		5119FE97163204CC00CFCD33 /* Share */ = {
			isa = PBXGroup;
			children = (
				51E2AD571630C6BF007DA5C4 /* ShareViewController.m */,
				5119FE7E1632039200CFCD33 /* ShareListsViewController.m */,
				5119FE7F1632039200CFCD33 /* ShareCategoriesViewController.m */,
				5119FE801632039200CFCD33 /* SharePicturesViewController.m */,
			);
			name = Share;
			sourceTree = "<group>";
		};
		5119FE98163204D100CFCD33 /* Picture */ = {
			isa = PBXGroup;
			children = (
				51E2AD5E1630C6CE007DA5C4 /* PictureViewController.m */,
				5119FE891632046F00CFCD33 /* CreatePictureViewController.m */,
				5119FE8A1632046F00CFCD33 /* EditPictureViewController.m */,
			);
			name = Picture;
			sourceTree = "<group>";
		};
		5119FE9E1632054B00CFCD33 /* List */ = {
			isa = PBXGroup;
			children = (
				51E2AD6E1630CAED007DA5C4 /* ListViewViewController.h */,
				51E2AD751630CCC1007DA5C4 /* ListEditViewController.h */,
				51E2AD7A1630CCD7007DA5C4 /* ListCreateViewController.h */,
				76BA2B131630977D00DAE149 /* SecondViewController.h */,
			);
			name = List;
			sourceTree = "<group>";
		};
		5119FE9F1632055100CFCD33 /* Category */ = {
			isa = PBXGroup;
			children = (
				51E2AD641630C6E3007DA5C4 /* CategoryViewController.h */,
				51E2AD7F1630CCF9007DA5C4 /* CategoryViewViewController.h */,
				51E2AD841630CD12007DA5C4 /* CategoryAddViewController.h */,
				51E2AD891630CD22007DA5C4 /* CategoryEditViewController.h */,
			);
			name = Category;
			sourceTree = "<group>";
		};
		5119FEA01632055700CFCD33 /* Share */ = {
			isa = PBXGroup;
			children = (
				51E2AD561630C6BF007DA5C4 /* ShareViewController.h */,
				5119FE84163203BA00CFCD33 /* ShareCategoriesViewController.h */,
				5119FE85163203BA00CFCD33 /* SharePicturesViewController.h */,
				5119FE86163203BA00CFCD33 /* ShareListsViewController.h */,
			);
			name = Share;
			sourceTree = "<group>";
		};
		5119FEA11632056200CFCD33 /* Picture */ = {
			isa = PBXGroup;
			children = (
				51E2AD5D1630C6CE007DA5C4 /* PictureViewController.h */,
				5119FE871632046500CFCD33 /* EditPictureViewController.h */,
				5119FE881632046500CFCD33 /* CreatePictureViewController.h */,
			);
			name = Picture;
			sourceTree = "<group>";
		};
		5119FEA21632057100CFCD33 /* Picture */ = {
			isa = PBXGroup;
			children = (
				51E2AD5B1630C6CE007DA5C4 /* PictureViewController_iPad.xib */,
				5119FE8D1632048B00CFCD33 /* CreatePictureViewController_iPad.xib */,
				5119FE8E1632048B00CFCD33 /* EditPictureViewController_iPad.xib */,
			);
			name = Picture;
			sourceTree = "<group>";
		};
		5119FEA31632057700CFCD33 /* Share */ = {
			isa = PBXGroup;
			children = (
				51E2AD541630C6BF007DA5C4 /* ShareViewController_iPad.xib */,
				5119FE701632035300CFCD33 /* ShareCategoriesViewController__iPad.xib */,
				5119FE711632035300CFCD33 /* ShareListsViewController_iPad.xib */,
				5119FE721632035300CFCD33 /* SharePicturesViewController_iPad.xib */,
			);
			name = Share;
			sourceTree = "<group>";
		};
		5119FEA41632057C00CFCD33 /* Category */ = {
			isa = PBXGroup;
			children = (
				51E2AD621630C6E3007DA5C4 /* CategoryViewController_iPad.xib */,
				51E2AD921630CECA007DA5C4 /* CategoryEditViewController_iPad.xib */,
				51E2AD941630CEE9007DA5C4 /* CategoryAddViewController_iPad.xib */,
				51E2AD961630CF05007DA5C4 /* CategoryViewViewController_iPad.xib */,
			);
			name = Category;
			sourceTree = "<group>";
		};
		5119FEA51632058100CFCD33 /* List */ = {
			isa = PBXGroup;
			children = (
				76BA2B231630977D00DAE149 /* SecondViewController_iPad.xib */,
				51E2AD8E1630CE72007DA5C4 /* ListEditViewController_iPad.xib */,
				51E2AD901630CEB0007DA5C4 /* ListCreateViewController_iPad.xib */,
				51E2AD731630CB16007DA5C4 /* ListViewViewController_iPad.xib */,
			);
			name = List;
			sourceTree = "<group>";
		};
		5119FEA61632059200CFCD33 /* List */ = {
			isa = PBXGroup;
			children = (
				76BA2B201630977D00DAE149 /* SecondViewController_iPhone.xib */,
				51E2AD771630CCC1007DA5C4 /* ListEditViewController_iPhone.xib */,
				51E2AD701630CAED007DA5C4 /* ListViewViewController_iPhone.xib */,
				51E2AD7C1630CCD7007DA5C4 /* ListCreateViewController_iPhone.xib */,
			);
			name = List;
			sourceTree = "<group>";
		};
		5119FEA71632059800CFCD33 /* Category */ = {
			isa = PBXGroup;
			children = (
				51E2AD631630C6E3007DA5C4 /* CategoryViewController_iPhone.xib */,
				51E2AD8B1630CD22007DA5C4 /* CategoryEditViewController_iPhone.xib */,
				51E2AD861630CD12007DA5C4 /* CategoryAddViewController_iPhone.xib */,
				51E2AD811630CCF9007DA5C4 /* CategoryViewViewController_iPhone.xib */,
			);
			name = Category;
			sourceTree = "<group>";
		};
		5119FEA81632059E00CFCD33 /* Share */ = {
			isa = PBXGroup;
			children = (
				5119FE771632036D00CFCD33 /* ShareCategoriesViewController__iPhone.xib */,
				5119FE781632036D00CFCD33 /* ShareListsViewController_iPhone.xib */,
				5119FE791632036D00CFCD33 /* SharePicturesViewController_iPhone.xib */,
				51E2AD551630C6BF007DA5C4 /* ShareViewController_iPhone.xib */,
			);
			name = Share;
			sourceTree = "<group>";
		};
		5119FEA9163205A400CFCD33 /* Picture */ = {
			isa = PBXGroup;
			children = (
				51E2AD5C1630C6CE007DA5C4 /* PictureViewController_iPhone.xib */,
				5119FE911632049B00CFCD33 /* CreatePictureViewController_iPhone.xib */,
				5119FE921632049B00CFCD33 /* EditPictureViewController_iPhone.xib */,
			);
			name = Picture;
			sourceTree = "<group>";
		};
		51E2AD691630C88C007DA5C4 /* Iphone Views */ = {
			isa = PBXGroup;
			children = (
				76BA2B1A1630977D00DAE149 /* FirstViewController_iPhone.xib */,
				5119FEA61632059200CFCD33 /* List */,
				5119FEA71632059800CFCD33 /* Category */,
				5119FEA81632059E00CFCD33 /* Share */,
				5119FEA9163205A400CFCD33 /* Picture */,
			);
			name = "Iphone Views";
			sourceTree = "<group>";
		};
		51E2AD6A1630C8B3007DA5C4 /* Ipad Views */ = {
			isa = PBXGroup;
			children = (
				76BA2B1D1630977D00DAE149 /* FirstViewController_iPad.xib */,
				5119FEA51632058100CFCD33 /* List */,
				5119FEA41632057C00CFCD33 /* Category */,
				5119FEA31632057700CFCD33 /* Share */,
				5119FEA21632057100CFCD33 /* Picture */,
			);
			name = "Ipad Views";
			sourceTree = "<group>";
		};
		51E2AD6B1630C8D2007DA5C4 /* pictures */ = {
			isa = PBXGroup;
			children = (
				76BA2B0F1630977D00DAE149 /* first.png */,
				76BA2B111630977D00DAE149 /* first@2x.png */,
				76BA2B161630977D00DAE149 /* second.png */,
				76BA2B181630977D00DAE149 /* second@2x.png */,
			);
			name = pictures;
			sourceTree = "<group>";
		};
		51E2AD6C1630C8E4007DA5C4 /* Headers */ = {
			isa = PBXGroup;
			children = (
				76BA2B091630977D00DAE149 /* AppDelegate.h */,
				76BA2B0C1630977D00DAE149 /* FirstViewController.h */,
				5119FE9E1632054B00CFCD33 /* List */,
				5119FE9F1632055100CFCD33 /* Category */,
				5119FEA01632055700CFCD33 /* Share */,
				5119FEA11632056200CFCD33 /* Picture */,
			);
			name = Headers;
			sourceTree = "<group>";
		};
		51E2AD6D1630C8E8007DA5C4 /* Source */ = {
			isa = PBXGroup;
			children = (
				76BA2B0A1630977D00DAE149 /* AppDelegate.m */,
				76BA2B0D1630977D00DAE149 /* FirstViewController.m */,
				5119FE95163204B600CFCD33 /* List */,
				5119FE96163204C300CFCD33 /* Category */,
				5119FE97163204CC00CFCD33 /* Share */,
				5119FE98163204D100CFCD33 /* Picture */,
			);
			name = Source;
			sourceTree = "<group>";
		};
		76BA2AEB1630977D00DAE149 = {
			isa = PBXGroup;
			children = (
				76BA2B001630977D00DAE149 /* Pic P */,
				76BA2B321630977D00DAE149 /* Pic PTests */,
				76BA2AF91630977D00DAE149 /* Frameworks */,
				76BA2AF71630977D00DAE149 /* Products */,
			);
			sourceTree = "<group>";
		};
		76BA2AF71630977D00DAE149 /* Products */ = {
			isa = PBXGroup;
			children = (
				76BA2AF61630977D00DAE149 /* Pic P.app */,
				76BA2B2B1630977D00DAE149 /* Pic PTests.octest */,
			);
			name = Products;
			sourceTree = "<group>";
		};
		76BA2AF91630977D00DAE149 /* Frameworks */ = {
			isa = PBXGroup;
			children = (
				76BA2AFA1630977D00DAE149 /* UIKit.framework */,
				76BA2AFC1630977D00DAE149 /* Foundation.framework */,
				76BA2AFE1630977D00DAE149 /* CoreGraphics.framework */,
				76BA2B2C1630977D00DAE149 /* SenTestingKit.framework */,
			);
			name = Frameworks;
			sourceTree = "<group>";
		};
		76BA2B001630977D00DAE149 /* Pic P */ = {
			isa = PBXGroup;
			children = (
				51E2AD6D1630C8E8007DA5C4 /* Source */,
				51E2AD6C1630C8E4007DA5C4 /* Headers */,
				51E2AD6B1630C8D2007DA5C4 /* pictures */,
				51E2AD6A1630C8B3007DA5C4 /* Ipad Views */,
				51E2AD691630C88C007DA5C4 /* Iphone Views */,
				76BA2B011630977D00DAE149 /* Supporting Files */,
			);
			path = "Pic P";
			sourceTree = "<group>";
		};
		76BA2B011630977D00DAE149 /* Supporting Files */ = {
			isa = PBXGroup;
			children = (
				76BA2B021630977D00DAE149 /* Pic P-Info.plist */,
				76BA2B031630977D00DAE149 /* InfoPlist.strings */,
				76BA2B061630977D00DAE149 /* main.m */,
				76BA2B081630977D00DAE149 /* Pic P-Prefix.pch */,
			);
			name = "Supporting Files";
			sourceTree = "<group>";
		};
		76BA2B321630977D00DAE149 /* Pic PTests */ = {
			isa = PBXGroup;
			children = (
				76BA2B381630977D00DAE149 /* Pic_PTests.h */,
				76BA2B391630977D00DAE149 /* Pic_PTests.m */,
				76BA2B331630977D00DAE149 /* Supporting Files */,
			);
			path = "Pic PTests";
			sourceTree = "<group>";
		};
		76BA2B331630977D00DAE149 /* Supporting Files */ = {
			isa = PBXGroup;
			children = (
				76BA2B341630977D00DAE149 /* Pic PTests-Info.plist */,
				76BA2B351630977D00DAE149 /* InfoPlist.strings */,
			);
			name = "Supporting Files";
			sourceTree = "<group>";
		};
/* End PBXGroup section */

/* Begin PBXNativeTarget section */
		76BA2AF51630977D00DAE149 /* Pic P */ = {
			isa = PBXNativeTarget;
			buildConfigurationList = 76BA2B3D1630977D00DAE149 /* Build configuration list for PBXNativeTarget "Pic P" */;
			buildPhases = (
				76BA2AF21630977D00DAE149 /* Sources */,
				76BA2AF31630977D00DAE149 /* Frameworks */,
				76BA2AF41630977D00DAE149 /* Resources */,
			);
			buildRules = (
			);
			dependencies = (
			);
			name = "Pic P";
			productName = "Pic P";
			productReference = 76BA2AF61630977D00DAE149 /* Pic P.app */;
			productType = "com.apple.product-type.application";
		};
		76BA2B2A1630977D00DAE149 /* Pic PTests */ = {
			isa = PBXNativeTarget;
			buildConfigurationList = 76BA2B401630977D00DAE149 /* Build configuration list for PBXNativeTarget "Pic PTests" */;
			buildPhases = (
				76BA2B261630977D00DAE149 /* Sources */,
				76BA2B271630977D00DAE149 /* Frameworks */,
				76BA2B281630977D00DAE149 /* Resources */,
				76BA2B291630977D00DAE149 /* ShellScript */,
			);
			buildRules = (
			);
			dependencies = (
				76BA2B311630977D00DAE149 /* PBXTargetDependency */,
			);
			name = "Pic PTests";
			productName = "Pic PTests";
			productReference = 76BA2B2B1630977D00DAE149 /* Pic PTests.octest */;
			productType = "com.apple.product-type.bundle";
		};
/* End PBXNativeTarget section */

/* Begin PBXProject section */
		76BA2AED1630977D00DAE149 /* Project object */ = {
			isa = PBXProject;
			attributes = {
				LastUpgradeCheck = 0440;
				ORGANIZATIONNAME = "Five Musketeers";
			};
			buildConfigurationList = 76BA2AF01630977D00DAE149 /* Build configuration list for PBXProject "Pic P" */;
			compatibilityVersion = "Xcode 3.2";
			developmentRegion = English;
			hasScannedForEncodings = 0;
			knownRegions = (
				en,
			);
			mainGroup = 76BA2AEB1630977D00DAE149;
			productRefGroup = 76BA2AF71630977D00DAE149 /* Products */;
			projectDirPath = "";
			projectRoot = "";
			targets = (
				76BA2AF51630977D00DAE149 /* Pic P */,
				76BA2B2A1630977D00DAE149 /* Pic PTests */,
			);
		};
/* End PBXProject section */

/* Begin PBXResourcesBuildPhase section */
		76BA2AF41630977D00DAE149 /* Resources */ = {
			isa = PBXResourcesBuildPhase;
			buildActionMask = 2147483647;
			files = (
				76BA2B051630977D00DAE149 /* InfoPlist.strings in Resources */,
				76BA2B101630977D00DAE149 /* first.png in Resources */,
				76BA2B121630977D00DAE149 /* first@2x.png in Resources */,
				76BA2B171630977D00DAE149 /* second.png in Resources */,
				76BA2B191630977D00DAE149 /* second@2x.png in Resources */,
				76BA2B1C1630977D00DAE149 /* FirstViewController_iPhone.xib in Resources */,
				76BA2B1F1630977D00DAE149 /* FirstViewController_iPad.xib in Resources */,
				76BA2B221630977D00DAE149 /* SecondViewController_iPhone.xib in Resources */,
				76BA2B251630977D00DAE149 /* SecondViewController_iPad.xib in Resources */,
				51E2AD581630C6BF007DA5C4 /* ShareViewController_iPad.xib in Resources */,
				51E2AD591630C6BF007DA5C4 /* ShareViewController_iPhone.xib in Resources */,
				51E2AD5F1630C6CE007DA5C4 /* PictureViewController_iPad.xib in Resources */,
				51E2AD601630C6CE007DA5C4 /* PictureViewController_iPhone.xib in Resources */,
				51E2AD661630C6E3007DA5C4 /* CategoryViewController_iPad.xib in Resources */,
				51E2AD671630C6E3007DA5C4 /* CategoryViewController_iPhone.xib in Resources */,
				51E2AD741630CB16007DA5C4 /* ListViewViewController_iPad.xib in Resources */,
				51E2AD791630CCC1007DA5C4 /* ListEditViewController_iPhone.xib in Resources */,
				51E2AD7E1630CCD7007DA5C4 /* ListCreateViewController_iPhone.xib in Resources */,
				51E2AD831630CCFA007DA5C4 /* CategoryViewViewController_iPhone.xib in Resources */,
				51E2AD881630CD12007DA5C4 /* CategoryAddViewController_iPhone.xib in Resources */,
				51E2AD8D1630CD22007DA5C4 /* CategoryEditViewController_iPhone.xib in Resources */,
				51E2AD8F1630CE72007DA5C4 /* ListEditViewController_iPad.xib in Resources */,
				51E2AD911630CEB0007DA5C4 /* ListCreateViewController_iPad.xib in Resources */,
				51E2AD931630CECA007DA5C4 /* CategoryEditViewController_iPad.xib in Resources */,
				51E2AD951630CEE9007DA5C4 /* CategoryAddViewController_iPad.xib in Resources */,
				51E2AD971630CF05007DA5C4 /* CategoryViewViewController_iPad.xib in Resources */,
				5119FE731632035300CFCD33 /* ShareCategoriesViewController__iPad.xib in Resources */,
				5119FE741632035300CFCD33 /* ShareListsViewController_iPad.xib in Resources */,
				5119FE751632035300CFCD33 /* SharePicturesViewController_iPad.xib in Resources */,
				5119FE7A1632036D00CFCD33 /* ShareCategoriesViewController__iPhone.xib in Resources */,
				5119FE7B1632036D00CFCD33 /* ShareListsViewController_iPhone.xib in Resources */,
				5119FE7C1632036D00CFCD33 /* SharePicturesViewController_iPhone.xib in Resources */,
				5119FE8F1632048B00CFCD33 /* CreatePictureViewController_iPad.xib in Resources */,
				5119FE901632048B00CFCD33 /* EditPictureViewController_iPad.xib in Resources */,
				5119FE931632049B00CFCD33 /* CreatePictureViewController_iPhone.xib in Resources */,
				5119FE941632049B00CFCD33 /* EditPictureViewController_iPhone.xib in Resources */,
			);
			runOnlyForDeploymentPostprocessing = 0;
		};
		76BA2B281630977D00DAE149 /* Resources */ = {
			isa = PBXResourcesBuildPhase;
			buildActionMask = 2147483647;
			files = (
				76BA2B371630977D00DAE149 /* InfoPlist.strings in Resources */,
				51E2AD721630CAED007DA5C4 /* ListViewViewController_iPhone.xib in Resources */,
			);
			runOnlyForDeploymentPostprocessing = 0;
		};
/* End PBXResourcesBuildPhase section */

/* Begin PBXShellScriptBuildPhase section */
		76BA2B291630977D00DAE149 /* ShellScript */ = {
			isa = PBXShellScriptBuildPhase;
			buildActionMask = 2147483647;
			files = (
			);
			inputPaths = (
			);
			outputPaths = (
			);
			runOnlyForDeploymentPostprocessing = 0;
			shellPath = /bin/sh;
			shellScript = "# Run the unit tests in this test bundle.\n\"${SYSTEM_DEVELOPER_DIR}/Tools/RunUnitTests\"\n";
		};
/* End PBXShellScriptBuildPhase section */

/* Begin PBXSourcesBuildPhase section */
		76BA2AF21630977D00DAE149 /* Sources */ = {
			isa = PBXSourcesBuildPhase;
			buildActionMask = 2147483647;
			files = (
				76BA2B071630977D00DAE149 /* main.m in Sources */,
				76BA2B0B1630977D00DAE149 /* AppDelegate.m in Sources */,
				76BA2B0E1630977D00DAE149 /* FirstViewController.m in Sources */,
				76BA2B151630977D00DAE149 /* SecondViewController.m in Sources */,
				51E2AD5A1630C6BF007DA5C4 /* ShareViewController.m in Sources */,
				51E2AD611630C6CE007DA5C4 /* PictureViewController.m in Sources */,
				51E2AD681630C6E3007DA5C4 /* CategoryViewController.m in Sources */,
				51E2AD781630CCC1007DA5C4 /* ListEditViewController.m in Sources */,
				51E2AD7D1630CCD7007DA5C4 /* ListCreateViewController.m in Sources */,
				51E2AD821630CCFA007DA5C4 /* CategoryViewViewController.m in Sources */,
				51E2AD871630CD12007DA5C4 /* CategoryAddViewController.m in Sources */,
				51E2AD8C1630CD22007DA5C4 /* CategoryEditViewController.m in Sources */,
				5119FE811632039200CFCD33 /* ShareListsViewController.m in Sources */,
				5119FE821632039200CFCD33 /* ShareCategoriesViewController.m in Sources */,
				5119FE831632039200CFCD33 /* SharePicturesViewController.m in Sources */,
				5119FE8B1632046F00CFCD33 /* CreatePictureViewController.m in Sources */,
				5119FE8C1632046F00CFCD33 /* EditPictureViewController.m in Sources */,
			);
			runOnlyForDeploymentPostprocessing = 0;
		};
		76BA2B261630977D00DAE149 /* Sources */ = {
			isa = PBXSourcesBuildPhase;
			buildActionMask = 2147483647;
			files = (
				76BA2B3A1630977D00DAE149 /* Pic_PTests.m in Sources */,
				51E2AD711630CAED007DA5C4 /* ListViewViewController.m in Sources */,
			);
			runOnlyForDeploymentPostprocessing = 0;
		};
/* End PBXSourcesBuildPhase section */

/* Begin PBXTargetDependency section */
		76BA2B311630977D00DAE149 /* PBXTargetDependency */ = {
			isa = PBXTargetDependency;
			target = 76BA2AF51630977D00DAE149 /* Pic P */;
			targetProxy = 76BA2B301630977D00DAE149 /* PBXContainerItemProxy */;
		};
/* End PBXTargetDependency section */

/* Begin PBXVariantGroup section */
		76BA2B031630977D00DAE149 /* InfoPlist.strings */ = {
			isa = PBXVariantGroup;
			children = (
				76BA2B041630977D00DAE149 /* en */,
			);
			name = InfoPlist.strings;
			sourceTree = "<group>";
		};
		76BA2B1A1630977D00DAE149 /* FirstViewController_iPhone.xib */ = {
			isa = PBXVariantGroup;
			children = (
				76BA2B1B1630977D00DAE149 /* en */,
			);
			name = FirstViewController_iPhone.xib;
			sourceTree = "<group>";
		};
		76BA2B1D1630977D00DAE149 /* FirstViewController_iPad.xib */ = {
			isa = PBXVariantGroup;
			children = (
				76BA2B1E1630977D00DAE149 /* en */,
			);
			name = FirstViewController_iPad.xib;
			sourceTree = "<group>";
		};
		76BA2B201630977D00DAE149 /* SecondViewController_iPhone.xib */ = {
			isa = PBXVariantGroup;
			children = (
				76BA2B211630977D00DAE149 /* en */,
			);
			name = SecondViewController_iPhone.xib;
			sourceTree = "<group>";
		};
		76BA2B231630977D00DAE149 /* SecondViewController_iPad.xib */ = {
			isa = PBXVariantGroup;
			children = (
				76BA2B241630977D00DAE149 /* en */,
			);
			name = SecondViewController_iPad.xib;
			sourceTree = "<group>";
		};
		76BA2B351630977D00DAE149 /* InfoPlist.strings */ = {
			isa = PBXVariantGroup;
			children = (
				76BA2B361630977D00DAE149 /* en */,
			);
			name = InfoPlist.strings;
			sourceTree = "<group>";
		};
/* End PBXVariantGroup section */

/* Begin XCBuildConfiguration section */
		76BA2B3B1630977D00DAE149 /* Debug */ = {
			isa = XCBuildConfiguration;
			buildSettings = {
				ALWAYS_SEARCH_USER_PATHS = NO;
				ARCHS = "$(ARCHS_STANDARD_32_BIT)";
				CLANG_CXX_LANGUAGE_STANDARD = "gnu++0x";
				CLANG_ENABLE_OBJC_ARC = YES;
				CLANG_WARN__DUPLICATE_METHOD_MATCH = YES;
				"CODE_SIGN_IDENTITY[sdk=iphoneos*]" = "iPhone Developer";
				COPY_PHASE_STRIP = NO;
				GCC_C_LANGUAGE_STANDARD = gnu99;
				GCC_DYNAMIC_NO_PIC = NO;
				GCC_OPTIMIZATION_LEVEL = 0;
				GCC_PREPROCESSOR_DEFINITIONS = (
					"DEBUG=1",
					"$(inherited)",
				);
				GCC_SYMBOLS_PRIVATE_EXTERN = NO;
				GCC_VERSION = com.apple.compilers.llvm.clang.1_0;
				GCC_WARN_ABOUT_RETURN_TYPE = YES;
				GCC_WARN_UNINITIALIZED_AUTOS = YES;
				GCC_WARN_UNUSED_VARIABLE = YES;
				IPHONEOS_DEPLOYMENT_TARGET = 5.1;
				SDKROOT = iphoneos;
				TARGETED_DEVICE_FAMILY = "1,2";
			};
			name = Debug;
		};
		76BA2B3C1630977D00DAE149 /* Release */ = {
			isa = XCBuildConfiguration;
			buildSettings = {
				ALWAYS_SEARCH_USER_PATHS = NO;
				ARCHS = "$(ARCHS_STANDARD_32_BIT)";
				CLANG_CXX_LANGUAGE_STANDARD = "gnu++0x";
				CLANG_ENABLE_OBJC_ARC = YES;
				CLANG_WARN__DUPLICATE_METHOD_MATCH = YES;
				"CODE_SIGN_IDENTITY[sdk=iphoneos*]" = "iPhone Developer";
				COPY_PHASE_STRIP = YES;
				GCC_C_LANGUAGE_STANDARD = gnu99;
				GCC_VERSION = com.apple.compilers.llvm.clang.1_0;
				GCC_WARN_ABOUT_RETURN_TYPE = YES;
				GCC_WARN_UNINITIALIZED_AUTOS = YES;
				GCC_WARN_UNUSED_VARIABLE = YES;
				IPHONEOS_DEPLOYMENT_TARGET = 5.1;
				OTHER_CFLAGS = "-DNS_BLOCK_ASSERTIONS=1";
				SDKROOT = iphoneos;
				TARGETED_DEVICE_FAMILY = "1,2";
				VALIDATE_PRODUCT = YES;
			};
			name = Release;
		};
		76BA2B3E1630977D00DAE149 /* Debug */ = {
			isa = XCBuildConfiguration;
			buildSettings = {
				GCC_PRECOMPILE_PREFIX_HEADER = YES;
				GCC_PREFIX_HEADER = "Pic P/Pic P-Prefix.pch";
				INFOPLIST_FILE = "Pic P/Pic P-Info.plist";
				PRODUCT_NAME = "$(TARGET_NAME)";
				WRAPPER_EXTENSION = app;
			};
			name = Debug;
		};
		76BA2B3F1630977D00DAE149 /* Release */ = {
			isa = XCBuildConfiguration;
			buildSettings = {
				GCC_PRECOMPILE_PREFIX_HEADER = YES;
				GCC_PREFIX_HEADER = "Pic P/Pic P-Prefix.pch";
				INFOPLIST_FILE = "Pic P/Pic P-Info.plist";
				PRODUCT_NAME = "$(TARGET_NAME)";
				WRAPPER_EXTENSION = app;
			};
			name = Release;
		};
		76BA2B411630977D00DAE149 /* Debug */ = {
			isa = XCBuildConfiguration;
			buildSettings = {
				BUNDLE_LOADER = "$(BUILT_PRODUCTS_DIR)/Pic P.app/Pic P";
				FRAMEWORK_SEARCH_PATHS = (
					"\"$(SDKROOT)/Developer/Library/Frameworks\"",
					"\"$(DEVELOPER_LIBRARY_DIR)/Frameworks\"",
				);
				GCC_PRECOMPILE_PREFIX_HEADER = YES;
				GCC_PREFIX_HEADER = "Pic P/Pic P-Prefix.pch";
				INFOPLIST_FILE = "Pic PTests/Pic PTests-Info.plist";
				PRODUCT_NAME = "$(TARGET_NAME)";
				TEST_HOST = "$(BUNDLE_LOADER)";
				WRAPPER_EXTENSION = octest;
			};
			name = Debug;
		};
		76BA2B421630977D00DAE149 /* Release */ = {
			isa = XCBuildConfiguration;
			buildSettings = {
				BUNDLE_LOADER = "$(BUILT_PRODUCTS_DIR)/Pic P.app/Pic P";
				FRAMEWORK_SEARCH_PATHS = (
					"\"$(SDKROOT)/Developer/Library/Frameworks\"",
					"\"$(DEVELOPER_LIBRARY_DIR)/Frameworks\"",
				);
				GCC_PRECOMPILE_PREFIX_HEADER = YES;
				GCC_PREFIX_HEADER = "Pic P/Pic P-Prefix.pch";
				INFOPLIST_FILE = "Pic PTests/Pic PTests-Info.plist";
				PRODUCT_NAME = "$(TARGET_NAME)";
				TEST_HOST = "$(BUNDLE_LOADER)";
				WRAPPER_EXTENSION = octest;
			};
			name = Release;
		};
/* End XCBuildConfiguration section */

/* Begin XCConfigurationList section */
		76BA2AF01630977D00DAE149 /* Build configuration list for PBXProject "Pic P" */ = {
			isa = XCConfigurationList;
			buildConfigurations = (
				76BA2B3B1630977D00DAE149 /* Debug */,
				76BA2B3C1630977D00DAE149 /* Release */,
			);
			defaultConfigurationIsVisible = 0;
			defaultConfigurationName = Release;
		};
		76BA2B3D1630977D00DAE149 /* Build configuration list for PBXNativeTarget "Pic P" */ = {
			isa = XCConfigurationList;
			buildConfigurations = (
				76BA2B3E1630977D00DAE149 /* Debug */,
				76BA2B3F1630977D00DAE149 /* Release */,
			);
			defaultConfigurationIsVisible = 0;
			defaultConfigurationName = Release;
		};
		76BA2B401630977D00DAE149 /* Build configuration list for PBXNativeTarget "Pic PTests" */ = {
			isa = XCConfigurationList;
			buildConfigurations = (
				76BA2B411630977D00DAE149 /* Debug */,
				76BA2B421630977D00DAE149 /* Release */,
			);
			defaultConfigurationIsVisible = 0;
			defaultConfigurationName = Release;
		};
/* End XCConfigurationList section */
	};
	rootObject = 76BA2AED1630977D00DAE149 /* Project object */;
}
